
Microsoft Visual Studio Solution File, Format Version 12.00
# Visual Studio Version 16
VisualStudioVersion = 16.0.30503.244
MinimumVisualStudioVersion = 10.0.40219.1
Project("{FAE04EC0-301F-11D3-BF4B-00C04F79EFBC}") = "LampadinaTester", "LampadinaTester\LampadinaTester.csproj", "{5064137D-012F-4ADA-B4FA-6D3F0E4331F5}"
EndProject
Project("{FAE04EC0-301F-11D3-BF4B-00C04F79EFBC}") = "ClassLampadina", "ClassLampadina\ClassLampadina.csproj", "{4E1058AA-83FC-4AF4-AFA9-198EB7C219C4}"
EndProject
Global
	GlobalSection(SolutionConfigurationPlatforms) = preSolution
		Debug|Any CPU = Debug|Any CPU
		Release|Any CPU = Release|Any CPU
	EndGlobalSection
	GlobalSection(ProjectConfigurationPlatforms) = postSolution
		{5064137D-012F-4ADA-B4FA-6D3F0E4331F5}.Debug|Any CPU.ActiveCfg = Debug|Any CPU
		{5064137D-012F-4ADA-B4FA-6D3F0E4331F5}.Debug|Any CPU.Build.0 = Debug|Any CPU
		{5064137D-012F-4ADA-B4FA-6D3F0E4331F5}.Release|Any CPU.ActiveCfg = Release|Any CPU
		{5064137D-012F-4ADA-B4FA-6D3F0E4331F5}.Release|Any CPU.Build.0 = Release|Any CPU
		{4E1058AA-83FC-4AF4-AFA9-198EB7C219C4}.Debug|Any CPU.ActiveCfg = Debug|Any CPU
		{4E1058AA-83FC-4AF4-AFA9-198EB7C219C4}.Debug|Any CPU.Build.0 = Debug|Any CPU
		{4E1058AA-83FC-4AF4-AFA9-198EB7C219C4}.Release|Any CPU.ActiveCfg = Release|Any CPU
		{4E1058AA-83FC-4AF4-AFA9-198EB7C219C4}.Release|Any CPU.Build.0 = Release|Any CPU
	EndGlobalSection
	GlobalSection(SolutionProperties) = preSolution
		HideSolutionNode = FALSE
	EndGlobalSection
	GlobalSection(ExtensibilityGlobals) = postSolution
		SolutionGuid = {5B383263-D905-4880-87FE-B988639B5542}
	EndGlobalSection
EndGlobal
